{
  "name": "node-red-contrib-nmea",
  "version": "0.0.4",
  "lockfileVersion": 3,
  "requires": true,
  "packages": {
    "": {
      "name": "node-red-contrib-nmea",
      "version": "0.0.4",
      "license": "MIT",
      "dependencies": {
        "nmea": "^0.1.1"
      }
    },
    "node_modules/jsonparse": {
      "version": "0.0.5",
      "resolved": "https://registry.npmjs.org/jsonparse/-/jsonparse-0.0.5.tgz",
      "integrity": "sha512-fw7Q/8gFR8iSekUi9I+HqWIap6mywuoe7hQIg3buTVjuZgALKj4HAmm0X6f+TaL4c9NJbvyFQdaI2ppr5p6dnQ==",
      "engines": [
        "node >= 0.2.0"
      ],
      "license": "MIT"
    },
    "node_modules/JSONStream": {
      "version": "0.7.4",
      "resolved": "https://registry.npmjs.org/JSONStream/-/JSONStream-0.7.4.tgz",
      "integrity": "sha512-hVgF0Ox1AtvxJmpwzb2dOEUz2ms1J8DZVbqKUSIGSyPBPy0MuxCJsQxj8y5dadTzsjI+T4TpyyhXORPdz15m9w==",
      "dependencies": {
        "jsonparse": "0.0.5",
        "through": ">=2.2.7 <3"
      },
      "engines": {
        "node": "*"
      }
    },
    "node_modules/nmea": {
      "version": "0.1.2",
      "resolved": "https://registry.npmjs.org/nmea/-/nmea-0.1.2.tgz",
      "integrity": "sha512-W9ZLSvqNUsdoum+zbCHVnC8d7B6nSKUbLq3zEBoNHbH8gqI+9o13IWH4RrUCQ6cLsfCLsf8xbU8pLc66da8OqQ==",
      "deprecated": "Package no longer supported. Contact Support at https://www.npmjs.com/support for more info.",
      "license": "MIT",
      "dependencies": {
        "JSONStream": "0.7",
        "through": ">=2.2.7 <3"
      }
    },
    "node_modules/through": {
      "version": "2.3.8",
      "resolved": "https://registry.npmjs.org/through/-/through-2.3.8.tgz",
      "integrity": "sha512-w89qg7PI8wAdvX60bMDP+bFoD5Dvhm9oLheFp5O4a2QF0cSBGsBX4qZmadPMvVqlLJBBci+WqGGOAPvcDeNSVg==",
      "license": "MIT"
    }
  }
}
